<?xml version="1.0" encoding="utf-8"?>
<Project ToolsVersion="4.0" xmlns="http://schemas.microsoft.com/developer/msbuild/2003">
  <ItemGroup>
    <Filter Include="Fichiers sources">
      <UniqueIdentifier>{4FC737F1-C7A5-4376-A066-2A32D752A2FF}</UniqueIdentifier>
      <Extensions>cpp;c;cc;cxx;c++;cppm;ixx;def;odl;idl;hpj;bat;asm;asmx</Extensions>
    </Filter>
    <Filter Include="Fichiers d%27en-tête">
      <UniqueIdentifier>{93995380-89BD-4b04-88EB-625FBE52EBFB}</UniqueIdentifier>
      <Extensions>h;hh;hpp;hxx;h++;hm;inl;inc;ipp;xsd</Extensions>
    </Filter>
    <Filter Include="Fichiers de ressources">
      <UniqueIdentifier>{67DA6AB6-F800-4c08-8B7A-83BB121AAD01}</UniqueIdentifier>
      <Extensions>rc;ico;cur;bmp;dlg;rc2;rct;bin;rgs;gif;jpg;jpeg;jpe;resx;tiff;tif;png;wav;mfcribbon-ms</Extensions>
    </Filter>
    <Filter Include="shaders">
      <UniqueIdentifier>{c9a2df7e-df65-4669-8b17-b7700b2a289e}</UniqueIdentifier>
    </Filter>
    <Filter Include="shaders\vertex">
      <UniqueIdentifier>{4ac843e7-9058-4f6d-a21c-b62cbbe13457}</UniqueIdentifier>
    </Filter>
    <Filter Include="shaders\fragment">
      <UniqueIdentifier>{cdd86550-a9ec-4438-8cf0-cc57cacd3978}</UniqueIdentifier>
    </Filter>
    <Filter Include="utils">
      <UniqueIdentifier>{d3acc04f-6d7b-461c-bc1a-55e456d818c4}</UniqueIdentifier>
    </Filter>
    <Filter Include="model">
      <UniqueIdentifier>{efa32a88-df97-4b22-8e0b-04bb33d3be28}</UniqueIdentifier>
    </Filter>
    <Filter Include="camera">
      <UniqueIdentifier>{71c2c5d6-ffef-47d4-bca6-94b948c940e3}</UniqueIdentifier>
    </Filter>
    <Filter Include="light">
      <UniqueIdentifier>{54900c52-4f32-442c-b2d0-05f3eda760d0}</UniqueIdentifier>
    </Filter>
    <Filter Include="player">
      <UniqueIdentifier>{9f5ec468-ff85-40b8-9475-1e424a45923e}</UniqueIdentifier>
    </Filter>
    <Filter Include="world">
      <UniqueIdentifier>{0d96ae40-291f-46a7-bb50-62417d94a001}</UniqueIdentifier>
    </Filter>
    <Filter Include="skybox">
      <UniqueIdentifier>{72992498-1034-4dad-a958-ef1be2636da1}</UniqueIdentifier>
    </Filter>
    <Filter Include="MotionState">
      <UniqueIdentifier>{9104c06d-1b0b-45eb-ace0-0e53350d0e8a}</UniqueIdentifier>
    </Filter>
    <Filter Include="level">
      <UniqueIdentifier>{6b7759a6-aa8f-4bc8-8efe-fddffcf36f80}</UniqueIdentifier>
    </Filter>
    <Filter Include="animation">
      <UniqueIdentifier>{e94b25b6-58e9-480d-bc51-9129177aa0e3}</UniqueIdentifier>
    </Filter>
    <Filter Include="model\Loader">
      <UniqueIdentifier>{080c33da-b626-497a-9362-5847918dbc33}</UniqueIdentifier>
    </Filter>
    <Filter Include="model\DynamicModel">
      <UniqueIdentifier>{d2c30832-2048-4e24-94e0-466742923c33}</UniqueIdentifier>
    </Filter>
    <Filter Include="model\StaticModel">
      <UniqueIdentifier>{b201f6b7-f351-417a-b815-1d145e99f612}</UniqueIdentifier>
    </Filter>
    <Filter Include="hitbox">
      <UniqueIdentifier>{0c1b6fb0-05ee-4652-b345-a8e68d2937bb}</UniqueIdentifier>
    </Filter>
  </ItemGroup>
  <ItemGroup>
    <ClCompile Include="main.cpp">
      <Filter>Fichiers sources</Filter>
    </ClCompile>
    <ClCompile Include="Mesh.cpp">
      <Filter>model</Filter>
    </ClCompile>
    <ClCompile Include="Camera.cpp">
      <Filter>camera</Filter>
    </ClCompile>
    <ClCompile Include="stb_image.cpp">
      <Filter>utils</Filter>
    </ClCompile>
    <ClCompile Include="glad.c">
      <Filter>utils</Filter>
    </ClCompile>
    <ClCompile Include="Shader.cpp">
      <Filter>shaders</Filter>
    </ClCompile>
    <ClCompile Include="Model.cpp">
      <Filter>model</Filter>
    </ClCompile>
    <ClCompile Include="Texture.cpp">
      <Filter>utils</Filter>
    </ClCompile>
    <ClCompile Include="Light.cpp">
      <Filter>light</Filter>
    </ClCompile>
    <ClCompile Include="Player.cpp">
      <Filter>player</Filter>
    </ClCompile>
    <ClCompile Include="LocalPlayer.cpp">
      <Filter>player</Filter>
    </ClCompile>
    <ClCompile Include="OpenGLine.cpp">
      <Filter>utils</Filter>
    </ClCompile>
    <ClCompile Include="SkyBox.cpp">
      <Filter>skybox</Filter>
    </ClCompile>
    <ClCompile Include="GLDebugDrawer.cpp">
      <Filter>Fichiers sources</Filter>
    </ClCompile>
    <ClCompile Include="MyMotionState.cpp">
      <Filter>MotionState</Filter>
    </ClCompile>
    <ClCompile Include="Level.cpp">
      <Filter>level</Filter>
    </ClCompile>
    <ClCompile Include="Bone.cpp">
      <Filter>animation</Filter>
    </ClCompile>
    <ClCompile Include="Animation.cpp">
      <Filter>animation</Filter>
    </ClCompile>
    <ClCompile Include="Animator.cpp">
      <Filter>animation</Filter>
    </ClCompile>
    <ClCompile Include="ModelLoader.cpp">
      <Filter>model\Loader</Filter>
    </ClCompile>
    <ClCompile Include="ILoader.cpp">
      <Filter>model\Loader</Filter>
    </ClCompile>
    <ClCompile Include="DynamicModel.cpp">
      <Filter>model\DynamicModel</Filter>
    </ClCompile>
    <ClCompile Include="DefaultLoader.cpp">
      <Filter>model\Loader</Filter>
    </ClCompile>
    <ClCompile Include="StaticModel.cpp">
      <Filter>model\StaticModel</Filter>
    </ClCompile>
    <ClCompile Include="HitBoxFactory.cpp">
      <Filter>hitbox</Filter>
    </ClCompile>
    <ClCompile Include="IHitBox.cpp">
      <Filter>hitbox</Filter>
    </ClCompile>
    <ClCompile Include="AABBHitbox.cpp">
      <Filter>hitbox</Filter>
    </ClCompile>
    <ClCompile Include="AABBMultipleHitBox.cpp">
      <Filter>hitbox</Filter>
    </ClCompile>
    <ClCompile Include="SkeletalLoader.cpp">
      <Filter>model\Loader</Filter>
    </ClCompile>
    <ClCompile Include="TriangleHitbox.cpp">
      <Filter>hitbox</Filter>
    </ClCompile>
    <ClCompile Include="SkeletalHitbox.cpp">
      <Filter>hitbox</Filter>
    </ClCompile>
  </ItemGroup>
  <ItemGroup>
    <ClInclude Include="Vertex.h">
      <Filter>utils</Filter>
    </ClInclude>
    <ClInclude Include="Texture.h">
      <Filter>utils</Filter>
    </ClInclude>
    <ClInclude Include="Mesh.h">
      <Filter>model</Filter>
    </ClInclude>
    <ClInclude Include="Camera.h">
      <Filter>camera</Filter>
    </ClInclude>
    <ClInclude Include="stb_image.h">
      <Filter>utils</Filter>
    </ClInclude>
    <ClInclude Include="Shader.h">
      <Filter>shaders</Filter>
    </ClInclude>
    <ClInclude Include="Model.h">
      <Filter>model</Filter>
    </ClInclude>
    <ClInclude Include="Light.h">
      <Filter>light</Filter>
    </ClInclude>
    <ClInclude Include="Player.h">
      <Filter>player</Filter>
    </ClInclude>
    <ClInclude Include="LocalPlayer.h">
      <Filter>player</Filter>
    </ClInclude>
    <ClInclude Include="OpenGLine.h">
      <Filter>utils</Filter>
    </ClInclude>
    <ClInclude Include="SkyBox.h">
      <Filter>skybox</Filter>
    </ClInclude>
    <ClInclude Include="GLDebugDrawer.h">
      <Filter>Fichiers d%27en-tête</Filter>
    </ClInclude>
    <ClInclude Include="MyMotionState.h">
      <Filter>MotionState</Filter>
    </ClInclude>
    <ClInclude Include="Level.h">
      <Filter>level</Filter>
    </ClInclude>
    <ClInclude Include="BoneInfo.hpp">
      <Filter>utils</Filter>
    </ClInclude>
    <ClInclude Include="AssimpHelper.hpp">
      <Filter>utils</Filter>
    </ClInclude>
    <ClInclude Include="Bone.h">
      <Filter>animation</Filter>
    </ClInclude>
    <ClInclude Include="Animation.h">
      <Filter>animation</Filter>
    </ClInclude>
    <ClInclude Include="Animator.h">
      <Filter>animation</Filter>
    </ClInclude>
    <ClInclude Include="Log.h">
      <Filter>utils</Filter>
    </ClInclude>
    <ClInclude Include="ModelLoader.h">
      <Filter>model\Loader</Filter>
    </ClInclude>
    <ClInclude Include="ILoader.h">
      <Filter>model\Loader</Filter>
    </ClInclude>
    <ClInclude Include="DynamicModel.h">
      <Filter>model\DynamicModel</Filter>
    </ClInclude>
    <ClInclude Include="DefaultLoader.h">
      <Filter>model\Loader</Filter>
    </ClInclude>
    <ClInclude Include="StaticModel.h">
      <Filter>model\StaticModel</Filter>
    </ClInclude>
    <ClInclude Include="HitBoxFactory.h">
      <Filter>hitbox</Filter>
    </ClInclude>
    <ClInclude Include="IHitBox.h">
      <Filter>hitbox</Filter>
    </ClInclude>
    <ClInclude Include="AABBHitbox.h">
      <Filter>hitbox</Filter>
    </ClInclude>
    <ClInclude Include="AABBMultipleHitBox.h">
      <Filter>hitbox</Filter>
    </ClInclude>
    <ClInclude Include="SkeletalLoader.h">
      <Filter>model\Loader</Filter>
    </ClInclude>
    <ClInclude Include="TriangleHitbox.h">
      <Filter>hitbox</Filter>
    </ClInclude>
    <ClInclude Include="SkeletalHitbox.h">
      <Filter>hitbox</Filter>
    </ClInclude>
  </ItemGroup>
  <ItemGroup>
    <None Include="fragment.frag">
      <Filter>shaders\fragment</Filter>
    </None>
    <None Include="vertex.vert">
      <Filter>shaders\vertex</Filter>
    </None>
    <None Include="skybox.frag">
      <Filter>shaders\fragment</Filter>
    </None>
    <None Include="skybox.vert">
      <Filter>shaders\vertex</Filter>
    </None>
    <None Include="animation.vert">
      <Filter>shaders\vertex</Filter>
    </None>
    <None Include="animation.frag">
      <Filter>shaders\fragment</Filter>
    </None>
    <None Include="line.frag">
      <Filter>shaders\fragment</Filter>
    </None>
    <None Include="line.vert">
      <Filter>shaders\vertex</Filter>
    </None>
    <None Include="light.frag">
      <Filter>shaders\fragment</Filter>
    </None>
    <None Include="light.vert">
      <Filter>shaders\vertex</Filter>
    </None>
  </ItemGroup>
</Project>